
Microsoft Visual Studio Solution File, Format Version 12.00
# Visual Studio Version 16
VisualStudioVersion = 16.0.30907.101
MinimumVisualStudioVersion = 10.0.40219.1
Project("{9A19103F-16F7-4668-BE54-9A1E7A4F7556}") = "Core", "Core\Core.csproj", "{6CD3BA83-CE07-4EC7-A50C-C9562B4AF0DE}"
EndProject
Project("{FAE04EC0-301F-11D3-BF4B-00C04F79EFBC}") = "Core.UnitTests", "Core.UnitTests\Core.UnitTests.csproj", "{4B2A86F8-35C6-41C2-A4B6-433032E02966}"
EndProject
Global
	GlobalSection(SolutionConfigurationPlatforms) = preSolution
		Debug|Any CPU = Debug|Any CPU
		Release|Any CPU = Release|Any CPU
	EndGlobalSection
	GlobalSection(ProjectConfigurationPlatforms) = postSolution
		{6CD3BA83-CE07-4EC7-A50C-C9562B4AF0DE}.Debug|Any CPU.ActiveCfg = Debug|Any CPU
		{6CD3BA83-CE07-4EC7-A50C-C9562B4AF0DE}.Debug|Any CPU.Build.0 = Debug|Any CPU
		{6CD3BA83-CE07-4EC7-A50C-C9562B4AF0DE}.Release|Any CPU.ActiveCfg = Release|Any CPU
		{6CD3BA83-CE07-4EC7-A50C-C9562B4AF0DE}.Release|Any CPU.Build.0 = Release|Any CPU
		{4B2A86F8-35C6-41C2-A4B6-433032E02966}.Debug|Any CPU.ActiveCfg = Debug|Any CPU
		{4B2A86F8-35C6-41C2-A4B6-433032E02966}.Debug|Any CPU.Build.0 = Debug|Any CPU
		{4B2A86F8-35C6-41C2-A4B6-433032E02966}.Release|Any CPU.ActiveCfg = Release|Any CPU
		{4B2A86F8-35C6-41C2-A4B6-433032E02966}.Release|Any CPU.Build.0 = Release|Any CPU
	EndGlobalSection
	GlobalSection(SolutionProperties) = preSolution
		HideSolutionNode = FALSE
	EndGlobalSection
	GlobalSection(ExtensibilityGlobals) = postSolution
		SolutionGuid = {7C8D31CC-A553-41CC-8506-5B48ABA286D3}
	EndGlobalSection
EndGlobal
